
Microsoft Visual Studio Solution File, Format Version 12.00
# Visual Studio 15
VisualStudioVersion = 15.0.27130.2010
MinimumVisualStudioVersion = 10.0.40219.1
Project("{FAE04EC0-301F-11D3-BF4B-00C04F79EFBC}") = "CICDPackageRepo", "CICDPackageRepo\CICDPackageRepo.csproj", "{D0E681C7-D342-49CA-8DF5-7E3DB4381603}"
EndProject
Global
	GlobalSection(SolutionConfigurationPlatforms) = preSolution
		Debug|Any CPU = Debug|Any CPU
		Release|Any CPU = Release|Any CPU
	EndGlobalSection
	GlobalSection(ProjectConfigurationPlatforms) = postSolution
		{D0E681C7-D342-49CA-8DF5-7E3DB4381603}.Debug|Any CPU.ActiveCfg = Debug|Any CPU
		{D0E681C7-D342-49CA-8DF5-7E3DB4381603}.Debug|Any CPU.Build.0 = Debug|Any CPU
		{D0E681C7-D342-49CA-8DF5-7E3DB4381603}.Release|Any CPU.ActiveCfg = Release|Any CPU
		{D0E681C7-D342-49CA-8DF5-7E3DB4381603}.Release|Any CPU.Build.0 = Release|Any CPU
	EndGlobalSection
	GlobalSection(SolutionProperties) = preSolution
		HideSolutionNode = FALSE
	EndGlobalSection
	GlobalSection(ExtensibilityGlobals) = postSolution
		SolutionGuid = {4FB36E81-9220-4E7A-B858-79F4E1DFCA73}
	EndGlobalSection
EndGlobal
